
Microsoft Visual Studio Solution File, Format Version 12.00
# Visual Studio Version 17
VisualStudioVersion = 17.11.35303.130
MinimumVisualStudioVersion = 10.0.40219.1
Project("{9A19103F-16F7-4668-BE54-9A1E7A4F7556}") = "UserManagmentSystem", "UserManagmentSystem.csproj", "{2DD538E1-D2D4-4DC3-BF8D-C33FD7C38E71}"
EndProject
Global
	GlobalSection(SolutionConfigurationPlatforms) = preSolution
		Debug|Any CPU = Debug|Any CPU
		Release|Any CPU = Release|Any CPU
	EndGlobalSection
	GlobalSection(ProjectConfigurationPlatforms) = postSolution
		{2DD538E1-D2D4-4DC3-BF8D-C33FD7C38E71}.Debug|Any CPU.ActiveCfg = Debug|Any CPU
		{2DD538E1-D2D4-4DC3-BF8D-C33FD7C38E71}.Debug|Any CPU.Build.0 = Debug|Any CPU
		{2DD538E1-D2D4-4DC3-BF8D-C33FD7C38E71}.Release|Any CPU.ActiveCfg = Release|Any CPU
		{2DD538E1-D2D4-4DC3-BF8D-C33FD7C38E71}.Release|Any CPU.Build.0 = Release|Any CPU
	EndGlobalSection
	GlobalSection(SolutionProperties) = preSolution
		HideSolutionNode = FALSE
	EndGlobalSection
	GlobalSection(ExtensibilityGlobals) = postSolution
		SolutionGuid = {98058BC3-A693-43C9-89FA-EB8EA8155B42}
	EndGlobalSection
EndGlobal
